// !$*UTF8*$!
{
	archiveVersion = 1;
	classes = {
	};
	objectVersion = 48;
	objects = {

/* Begin PBXBuildFile section */
		02391D6F9D7245F4E8A42439 /* Pods_spottrade.framework in Frameworks */ = {isa = PBXBuildFile; fileRef = C9012F29601535F5BBB85340 /* Pods_spottrade.framework */; };
		637DE95820DC278000B5D430 /* SidebarView.swift in Sources */ = {isa = PBXBuildFile; fileRef = 637DE95720DC278000B5D430 /* SidebarView.swift */; };
		637DE95C20E2300B00B5D430 /* YourSpotsViewController.swift in Sources */ = {isa = PBXBuildFile; fileRef = 637DE95B20E2300B00B5D430 /* YourSpotsViewController.swift */; };
		637DE95E20E2302300B5D430 /* HistoryViewController.swift in Sources */ = {isa = PBXBuildFile; fileRef = 637DE95D20E2302300B5D430 /* HistoryViewController.swift */; };
		637DE96020E2303A00B5D430 /* FeedbackViewController.swift in Sources */ = {isa = PBXBuildFile; fileRef = 637DE95F20E2303A00B5D430 /* FeedbackViewController.swift */; };
		637DE96220E2305000B5D430 /* PaymentViewController.swift in Sources */ = {isa = PBXBuildFile; fileRef = 637DE96120E2305000B5D430 /* PaymentViewController.swift */; };
		637DE96420E2306600B5D430 /* PersonalViewController.swift in Sources */ = {isa = PBXBuildFile; fileRef = 637DE96320E2306600B5D430 /* PersonalViewController.swift */; };
		637DE96620E2307B00B5D430 /* AboutViewController.swift in Sources */ = {isa = PBXBuildFile; fileRef = 637DE96520E2307B00B5D430 /* AboutViewController.swift */; };
		63884B5790FEF91CBD09D3CA /* Pods_spottradeTests.framework in Frameworks */ = {isa = PBXBuildFile; fileRef = 223EC3424300AE3BAA562571 /* Pods_spottradeTests.framework */; };
		63CB98992061781D00E03874 /* AppDelegate.swift in Sources */ = {isa = PBXBuildFile; fileRef = 63CB98982061781D00E03874 /* AppDelegate.swift */; };
		63CB989B2061781D00E03874 /* ViewController.swift in Sources */ = {isa = PBXBuildFile; fileRef = 63CB989A2061781D00E03874 /* ViewController.swift */; };
		63CB989E2061781D00E03874 /* Main.storyboard in Resources */ = {isa = PBXBuildFile; fileRef = 63CB989C2061781D00E03874 /* Main.storyboard */; };
		63CB98A02061781D00E03874 /* Assets.xcassets in Resources */ = {isa = PBXBuildFile; fileRef = 63CB989F2061781D00E03874 /* Assets.xcassets */; };
		63CB98A32061781D00E03874 /* LaunchScreen.storyboard in Resources */ = {isa = PBXBuildFile; fileRef = 63CB98A12061781D00E03874 /* LaunchScreen.storyboard */; };
		63CB98AE2061781D00E03874 /* spottradeTests.swift in Sources */ = {isa = PBXBuildFile; fileRef = 63CB98AD2061781D00E03874 /* spottradeTests.swift */; };
		63CB98B92061781D00E03874 /* spottradeUITests.swift in Sources */ = {isa = PBXBuildFile; fileRef = 63CB98B82061781D00E03874 /* spottradeUITests.swift */; };
		63CB98C7206189AA00E03874 /* GoogleService-Info.plist in Resources */ = {isa = PBXBuildFile; fileRef = 63CB98C6206189AA00E03874 /* GoogleService-Info.plist */; };
		6683214C5B0207FECD1A318A /* Pods_spottradeUITests.framework in Frameworks */ = {isa = PBXBuildFile; fileRef = 123B293C6D5BB2D27244954A /* Pods_spottradeUITests.framework */; };
/* End PBXBuildFile section */

/* Begin PBXContainerItemProxy section */
		63CB98AA2061781D00E03874 /* PBXContainerItemProxy */ = {
			isa = PBXContainerItemProxy;
			containerPortal = 63CB988D2061781D00E03874 /* Project object */;
			proxyType = 1;
			remoteGlobalIDString = 63CB98942061781D00E03874;
			remoteInfo = spottrade;
		};
		63CB98B52061781D00E03874 /* PBXContainerItemProxy */ = {
			isa = PBXContainerItemProxy;
			containerPortal = 63CB988D2061781D00E03874 /* Project object */;
			proxyType = 1;
			remoteGlobalIDString = 63CB98942061781D00E03874;
			remoteInfo = spottrade;
		};
/* End PBXContainerItemProxy section */

/* Begin PBXFileReference section */
		123B293C6D5BB2D27244954A /* Pods_spottradeUITests.framework */ = {isa = PBXFileReference; explicitFileType = wrapper.framework; includeInIndex = 0; path = Pods_spottradeUITests.framework; sourceTree = BUILT_PRODUCTS_DIR; };
		223EC3424300AE3BAA562571 /* Pods_spottradeTests.framework */ = {isa = PBXFileReference; explicitFileType = wrapper.framework; includeInIndex = 0; path = Pods_spottradeTests.framework; sourceTree = BUILT_PRODUCTS_DIR; };
		4DD7793E065EE5D6A404919C /* Pods-spottradeTests.debug.xcconfig */ = {isa = PBXFileReference; includeInIndex = 1; lastKnownFileType = text.xcconfig; name = "Pods-spottradeTests.debug.xcconfig"; path = "Pods/Target Support Files/Pods-spottradeTests/Pods-spottradeTests.debug.xcconfig"; sourceTree = "<group>"; };
		562447D23FE0E59EB5D595F4 /* Pods-spottrade.debug.xcconfig */ = {isa = PBXFileReference; includeInIndex = 1; lastKnownFileType = text.xcconfig; name = "Pods-spottrade.debug.xcconfig"; path = "Pods/Target Support Files/Pods-spottrade/Pods-spottrade.debug.xcconfig"; sourceTree = "<group>"; };
		637DE95720DC278000B5D430 /* SidebarView.swift */ = {isa = PBXFileReference; lastKnownFileType = sourcecode.swift; path = SidebarView.swift; sourceTree = "<group>"; };
		637DE95B20E2300B00B5D430 /* YourSpotsViewController.swift */ = {isa = PBXFileReference; lastKnownFileType = sourcecode.swift; path = YourSpotsViewController.swift; sourceTree = "<group>"; };
		637DE95D20E2302300B5D430 /* HistoryViewController.swift */ = {isa = PBXFileReference; lastKnownFileType = sourcecode.swift; path = HistoryViewController.swift; sourceTree = "<group>"; };
		637DE95F20E2303A00B5D430 /* FeedbackViewController.swift */ = {isa = PBXFileReference; lastKnownFileType = sourcecode.swift; path = FeedbackViewController.swift; sourceTree = "<group>"; };
		637DE96120E2305000B5D430 /* PaymentViewController.swift */ = {isa = PBXFileReference; lastKnownFileType = sourcecode.swift; path = PaymentViewController.swift; sourceTree = "<group>"; };
		637DE96320E2306600B5D430 /* PersonalViewController.swift */ = {isa = PBXFileReference; lastKnownFileType = sourcecode.swift; path = PersonalViewController.swift; sourceTree = "<group>"; };
		637DE96520E2307B00B5D430 /* AboutViewController.swift */ = {isa = PBXFileReference; lastKnownFileType = sourcecode.swift; path = AboutViewController.swift; sourceTree = "<group>"; };
		63CB98952061781D00E03874 /* spottrade.app */ = {isa = PBXFileReference; explicitFileType = wrapper.application; includeInIndex = 0; path = spottrade.app; sourceTree = BUILT_PRODUCTS_DIR; };
		63CB98982061781D00E03874 /* AppDelegate.swift */ = {isa = PBXFileReference; lastKnownFileType = sourcecode.swift; path = AppDelegate.swift; sourceTree = "<group>"; };
		63CB989A2061781D00E03874 /* ViewController.swift */ = {isa = PBXFileReference; lastKnownFileType = sourcecode.swift; path = ViewController.swift; sourceTree = "<group>"; };
		63CB989D2061781D00E03874 /* Base */ = {isa = PBXFileReference; lastKnownFileType = file.storyboard; name = Base; path = Base.lproj/Main.storyboard; sourceTree = "<group>"; };
		63CB989F2061781D00E03874 /* Assets.xcassets */ = {isa = PBXFileReference; lastKnownFileType = folder.assetcatalog; path = Assets.xcassets; sourceTree = "<group>"; };
		63CB98A22061781D00E03874 /* Base */ = {isa = PBXFileReference; lastKnownFileType = file.storyboard; name = Base; path = Base.lproj/LaunchScreen.storyboard; sourceTree = "<group>"; };
		63CB98A42061781D00E03874 /* Info.plist */ = {isa = PBXFileReference; lastKnownFileType = text.plist.xml; path = Info.plist; sourceTree = "<group>"; };
		63CB98A92061781D00E03874 /* spottradeTests.xctest */ = {isa = PBXFileReference; explicitFileType = wrapper.cfbundle; includeInIndex = 0; path = spottradeTests.xctest; sourceTree = BUILT_PRODUCTS_DIR; };
		63CB98AD2061781D00E03874 /* spottradeTests.swift */ = {isa = PBXFileReference; lastKnownFileType = sourcecode.swift; path = spottradeTests.swift; sourceTree = "<group>"; };
		63CB98AF2061781D00E03874 /* Info.plist */ = {isa = PBXFileReference; lastKnownFileType = text.plist.xml; path = Info.plist; sourceTree = "<group>"; };
		63CB98B42061781D00E03874 /* spottradeUITests.xctest */ = {isa = PBXFileReference; explicitFileType = wrapper.cfbundle; includeInIndex = 0; path = spottradeUITests.xctest; sourceTree = BUILT_PRODUCTS_DIR; };
		63CB98B82061781D00E03874 /* spottradeUITests.swift */ = {isa = PBXFileReference; lastKnownFileType = sourcecode.swift; path = spottradeUITests.swift; sourceTree = "<group>"; };
		63CB98BA2061781D00E03874 /* Info.plist */ = {isa = PBXFileReference; lastKnownFileType = text.plist.xml; path = Info.plist; sourceTree = "<group>"; };
		63CB98C6206189AA00E03874 /* GoogleService-Info.plist */ = {isa = PBXFileReference; fileEncoding = 4; lastKnownFileType = text.plist.xml; name = "GoogleService-Info.plist"; path = "../../../Downloads/GoogleService-Info.plist"; sourceTree = "<group>"; };
		8B4CE333363916DDCB25DC64 /* Pods-spottradeTests.release.xcconfig */ = {isa = PBXFileReference; includeInIndex = 1; lastKnownFileType = text.xcconfig; name = "Pods-spottradeTests.release.xcconfig"; path = "Pods/Target Support Files/Pods-spottradeTests/Pods-spottradeTests.release.xcconfig"; sourceTree = "<group>"; };
		9B27B00BE5C579A19084EAAD /* Pods-spottradeUITests.release.xcconfig */ = {isa = PBXFileReference; includeInIndex = 1; lastKnownFileType = text.xcconfig; name = "Pods-spottradeUITests.release.xcconfig"; path = "Pods/Target Support Files/Pods-spottradeUITests/Pods-spottradeUITests.release.xcconfig"; sourceTree = "<group>"; };
		A0F752DD2E8B8DD7738EDF41 /* Pods-spottrade.release.xcconfig */ = {isa = PBXFileReference; includeInIndex = 1; lastKnownFileType = text.xcconfig; name = "Pods-spottrade.release.xcconfig"; path = "Pods/Target Support Files/Pods-spottrade/Pods-spottrade.release.xcconfig"; sourceTree = "<group>"; };
		C9012F29601535F5BBB85340 /* Pods_spottrade.framework */ = {isa = PBXFileReference; explicitFileType = wrapper.framework; includeInIndex = 0; path = Pods_spottrade.framework; sourceTree = BUILT_PRODUCTS_DIR; };
		CB27ACDA4BFB3B1269D4C4EF /* Pods-spottradeUITests.debug.xcconfig */ = {isa = PBXFileReference; includeInIndex = 1; lastKnownFileType = text.xcconfig; name = "Pods-spottradeUITests.debug.xcconfig"; path = "Pods/Target Support Files/Pods-spottradeUITests/Pods-spottradeUITests.debug.xcconfig"; sourceTree = "<group>"; };
/* End PBXFileReference section */

/* Begin PBXFrameworksBuildPhase section */
		63CB98922061781D00E03874 /* Frameworks */ = {
			isa = PBXFrameworksBuildPhase;
			buildActionMask = 2147483647;
			files = (
				02391D6F9D7245F4E8A42439 /* Pods_spottrade.framework in Frameworks */,
			);
			runOnlyForDeploymentPostprocessing = 0;
		};
		63CB98A62061781D00E03874 /* Frameworks */ = {
			isa = PBXFrameworksBuildPhase;
			buildActionMask = 2147483647;
			files = (
				63884B5790FEF91CBD09D3CA /* Pods_spottradeTests.framework in Frameworks */,
			);
			runOnlyForDeploymentPostprocessing = 0;
		};
		63CB98B12061781D00E03874 /* Frameworks */ = {
			isa = PBXFrameworksBuildPhase;
			buildActionMask = 2147483647;
			files = (
				6683214C5B0207FECD1A318A /* Pods_spottradeUITests.framework in Frameworks */,
			);
			runOnlyForDeploymentPostprocessing = 0;
		};
/* End PBXFrameworksBuildPhase section */

/* Begin PBXGroup section */
		63CB988C2061781D00E03874 = {
			isa = PBXGroup;
			children = (
				63CB98972061781D00E03874 /* spottrade */,
				63CB98AC2061781D00E03874 /* spottradeTests */,
				63CB98B72061781D00E03874 /* spottradeUITests */,
				63CB98962061781D00E03874 /* Products */,
				897894E1C59EB6A7E96522D1 /* Pods */,
				87F5EA147689792CF1CA05F1 /* Frameworks */,
			);
			sourceTree = "<group>";
		};
		63CB98962061781D00E03874 /* Products */ = {
			isa = PBXGroup;
			children = (
				63CB98952061781D00E03874 /* spottrade.app */,
				63CB98A92061781D00E03874 /* spottradeTests.xctest */,
				63CB98B42061781D00E03874 /* spottradeUITests.xctest */,
			);
			name = Products;
			sourceTree = "<group>";
		};
		63CB98972061781D00E03874 /* spottrade */ = {
			isa = PBXGroup;
			children = (
				63CB98C6206189AA00E03874 /* GoogleService-Info.plist */,
				63CB98982061781D00E03874 /* AppDelegate.swift */,
				63CB989A2061781D00E03874 /* ViewController.swift */,
				637DE95B20E2300B00B5D430 /* YourSpotsViewController.swift */,
				637DE95D20E2302300B5D430 /* HistoryViewController.swift */,
				637DE95F20E2303A00B5D430 /* FeedbackViewController.swift */,
				637DE96120E2305000B5D430 /* PaymentViewController.swift */,
				637DE96320E2306600B5D430 /* PersonalViewController.swift */,
				637DE96520E2307B00B5D430 /* AboutViewController.swift */,
				637DE95720DC278000B5D430 /* SidebarView.swift */,
				63CB989C2061781D00E03874 /* Main.storyboard */,
				63CB989F2061781D00E03874 /* Assets.xcassets */,
				63CB98A12061781D00E03874 /* LaunchScreen.storyboard */,
				63CB98A42061781D00E03874 /* Info.plist */,
			);
			path = spottrade;
			sourceTree = "<group>";
		};
		63CB98AC2061781D00E03874 /* spottradeTests */ = {
			isa = PBXGroup;
			children = (
				63CB98AD2061781D00E03874 /* spottradeTests.swift */,
				63CB98AF2061781D00E03874 /* Info.plist */,
			);
			path = spottradeTests;
			sourceTree = "<group>";
		};
		63CB98B72061781D00E03874 /* spottradeUITests */ = {
			isa = PBXGroup;
			children = (
				63CB98B82061781D00E03874 /* spottradeUITests.swift */,
				63CB98BA2061781D00E03874 /* Info.plist */,
			);
			path = spottradeUITests;
			sourceTree = "<group>";
		};
		87F5EA147689792CF1CA05F1 /* Frameworks */ = {
			isa = PBXGroup;
			children = (
				C9012F29601535F5BBB85340 /* Pods_spottrade.framework */,
				223EC3424300AE3BAA562571 /* Pods_spottradeTests.framework */,
				123B293C6D5BB2D27244954A /* Pods_spottradeUITests.framework */,
			);
			name = Frameworks;
			sourceTree = "<group>";
		};
		897894E1C59EB6A7E96522D1 /* Pods */ = {
			isa = PBXGroup;
			children = (
				562447D23FE0E59EB5D595F4 /* Pods-spottrade.debug.xcconfig */,
				A0F752DD2E8B8DD7738EDF41 /* Pods-spottrade.release.xcconfig */,
				4DD7793E065EE5D6A404919C /* Pods-spottradeTests.debug.xcconfig */,
				8B4CE333363916DDCB25DC64 /* Pods-spottradeTests.release.xcconfig */,
				CB27ACDA4BFB3B1269D4C4EF /* Pods-spottradeUITests.debug.xcconfig */,
				9B27B00BE5C579A19084EAAD /* Pods-spottradeUITests.release.xcconfig */,
			);
			name = Pods;
			sourceTree = "<group>";
		};
/* End PBXGroup section */

/* Begin PBXNativeTarget section */
		63CB98942061781D00E03874 /* spottrade */ = {
			isa = PBXNativeTarget;
			buildConfigurationList = 63CB98BD2061781D00E03874 /* Build configuration list for PBXNativeTarget "spottrade" */;
			buildPhases = (
				16D0C0C27ECF2F26EC342294 /* [CP] Check Pods Manifest.lock */,
				63CB98912061781D00E03874 /* Sources */,
				63CB98922061781D00E03874 /* Frameworks */,
				63CB98932061781D00E03874 /* Resources */,
				5EEFCB14F8AD2470A8049316 /* [CP] Embed Pods Frameworks */,
				B7405F5D6E33E9129DDC7DA1 /* [CP] Copy Pods Resources */,
			);
			buildRules = (
			);
			dependencies = (
			);
			name = spottrade;
			productName = spottrade;
			productReference = 63CB98952061781D00E03874 /* spottrade.app */;
			productType = "com.apple.product-type.application";
		};
		63CB98A82061781D00E03874 /* spottradeTests */ = {
			isa = PBXNativeTarget;
			buildConfigurationList = 63CB98C02061781D00E03874 /* Build configuration list for PBXNativeTarget "spottradeTests" */;
			buildPhases = (
				24132BE59008D5AAEA9E64C7 /* [CP] Check Pods Manifest.lock */,
				63CB98A52061781D00E03874 /* Sources */,
				63CB98A62061781D00E03874 /* Frameworks */,
				63CB98A72061781D00E03874 /* Resources */,
				E0337AF515521DD19FECBD6C /* [CP] Embed Pods Frameworks */,
				EEE96A8EDD32131878DDDBE1 /* [CP] Copy Pods Resources */,
			);
			buildRules = (
			);
			dependencies = (
				63CB98AB2061781D00E03874 /* PBXTargetDependency */,
			);
			name = spottradeTests;
			productName = spottradeTests;
			productReference = 63CB98A92061781D00E03874 /* spottradeTests.xctest */;
			productType = "com.apple.product-type.bundle.unit-test";
		};
		63CB98B32061781D00E03874 /* spottradeUITests */ = {
			isa = PBXNativeTarget;
			buildConfigurationList = 63CB98C32061781D00E03874 /* Build configuration list for PBXNativeTarget "spottradeUITests" */;
			buildPhases = (
				F25475ED6C16BECBC81FD3F0 /* [CP] Check Pods Manifest.lock */,
				63CB98B02061781D00E03874 /* Sources */,
				63CB98B12061781D00E03874 /* Frameworks */,
				63CB98B22061781D00E03874 /* Resources */,
				22F75AD70DBD3A9107148250 /* [CP] Embed Pods Frameworks */,
				7863CBFE3A969B6ECA796778 /* [CP] Copy Pods Resources */,
			);
			buildRules = (
			);
			dependencies = (
				63CB98B62061781D00E03874 /* PBXTargetDependency */,
			);
			name = spottradeUITests;
			productName = spottradeUITests;
			productReference = 63CB98B42061781D00E03874 /* spottradeUITests.xctest */;
			productType = "com.apple.product-type.bundle.ui-testing";
		};
/* End PBXNativeTarget section */

/* Begin PBXProject section */
		63CB988D2061781D00E03874 /* Project object */ = {
			isa = PBXProject;
			attributes = {
				LastSwiftUpdateCheck = 0920;
				LastUpgradeCheck = 0920;
				ORGANIZATIONNAME = "Bryant Almanza";
				TargetAttributes = {
					63CB98942061781D00E03874 = {
						CreatedOnToolsVersion = 9.2;
						ProvisioningStyle = Automatic;
					};
					63CB98A82061781D00E03874 = {
						CreatedOnToolsVersion = 9.2;
						ProvisioningStyle = Automatic;
						TestTargetID = 63CB98942061781D00E03874;
					};
					63CB98B32061781D00E03874 = {
						CreatedOnToolsVersion = 9.2;
						ProvisioningStyle = Automatic;
						TestTargetID = 63CB98942061781D00E03874;
					};
				};
			};
			buildConfigurationList = 63CB98902061781D00E03874 /* Build configuration list for PBXProject "spottrade" */;
			compatibilityVersion = "Xcode 8.0";
			developmentRegion = en;
			hasScannedForEncodings = 0;
			knownRegions = (
				en,
				Base,
			);
			mainGroup = 63CB988C2061781D00E03874;
			productRefGroup = 63CB98962061781D00E03874 /* Products */;
			projectDirPath = "";
			projectRoot = "";
			targets = (
				63CB98942061781D00E03874 /* spottrade */,
				63CB98A82061781D00E03874 /* spottradeTests */,
				63CB98B32061781D00E03874 /* spottradeUITests */,
			);
		};
/* End PBXProject section */

/* Begin PBXResourcesBuildPhase section */
		63CB98932061781D00E03874 /* Resources */ = {
			isa = PBXResourcesBuildPhase;
			buildActionMask = 2147483647;
			files = (
				63CB98A32061781D00E03874 /* LaunchScreen.storyboard in Resources */,
				63CB98C7206189AA00E03874 /* GoogleService-Info.plist in Resources */,
				63CB98A02061781D00E03874 /* Assets.xcassets in Resources */,
				63CB989E2061781D00E03874 /* Main.storyboard in Resources */,
			);
			runOnlyForDeploymentPostprocessing = 0;
		};
		63CB98A72061781D00E03874 /* Resources */ = {
			isa = PBXResourcesBuildPhase;
			buildActionMask = 2147483647;
			files = (
			);
			runOnlyForDeploymentPostprocessing = 0;
		};
		63CB98B22061781D00E03874 /* Resources */ = {
			isa = PBXResourcesBuildPhase;
			buildActionMask = 2147483647;
			files = (
			);
			runOnlyForDeploymentPostprocessing = 0;
		};
/* End PBXResourcesBuildPhase section */

/* Begin PBXShellScriptBuildPhase section */
		16D0C0C27ECF2F26EC342294 /* [CP] Check Pods Manifest.lock */ = {
			isa = PBXShellScriptBuildPhase;
			buildActionMask = 2147483647;
			files = (
			);
			inputPaths = (
				"${PODS_PODFILE_DIR_PATH}/Podfile.lock",
				"${PODS_ROOT}/Manifest.lock",
			);
			name = "[CP] Check Pods Manifest.lock";
			outputPaths = (
				"$(DERIVED_FILE_DIR)/Pods-spottrade-checkManifestLockResult.txt",
			);
			runOnlyForDeploymentPostprocessing = 0;
			shellPath = /bin/sh;
			shellScript = "diff \"${PODS_PODFILE_DIR_PATH}/Podfile.lock\" \"${PODS_ROOT}/Manifest.lock\" > /dev/null\nif [ $? != 0 ] ; then\n    # print error to STDERR\n    echo \"error: The sandbox is not in sync with the Podfile.lock. Run 'pod install' or update your CocoaPods installation.\" >&2\n    exit 1\nfi\n# This output is used by Xcode 'outputs' to avoid re-running this script phase.\necho \"SUCCESS\" > \"${SCRIPT_OUTPUT_FILE_0}\"\n";
			showEnvVarsInLog = 0;
		};
		22F75AD70DBD3A9107148250 /* [CP] Embed Pods Frameworks */ = {
			isa = PBXShellScriptBuildPhase;
			buildActionMask = 2147483647;
			files = (
			);
			inputPaths = (
			);
			name = "[CP] Embed Pods Frameworks";
			outputPaths = (
			);
			runOnlyForDeploymentPostprocessing = 0;
			shellPath = /bin/sh;
			shellScript = "\"${SRCROOT}/Pods/Target Support Files/Pods-spottradeUITests/Pods-spottradeUITests-frameworks.sh\"\n";
			showEnvVarsInLog = 0;
		};
		24132BE59008D5AAEA9E64C7 /* [CP] Check Pods Manifest.lock */ = {
			isa = PBXShellScriptBuildPhase;
			buildActionMask = 2147483647;
			files = (
			);
			inputPaths = (
				"${PODS_PODFILE_DIR_PATH}/Podfile.lock",
				"${PODS_ROOT}/Manifest.lock",
			);
			name = "[CP] Check Pods Manifest.lock";
			outputPaths = (
				"$(DERIVED_FILE_DIR)/Pods-spottradeTests-checkManifestLockResult.txt",
			);
			runOnlyForDeploymentPostprocessing = 0;
			shellPath = /bin/sh;
			shellScript = "diff \"${PODS_PODFILE_DIR_PATH}/Podfile.lock\" \"${PODS_ROOT}/Manifest.lock\" > /dev/null\nif [ $? != 0 ] ; then\n    # print error to STDERR\n    echo \"error: The sandbox is not in sync with the Podfile.lock. Run 'pod install' or update your CocoaPods installation.\" >&2\n    exit 1\nfi\n# This output is used by Xcode 'outputs' to avoid re-running this script phase.\necho \"SUCCESS\" > \"${SCRIPT_OUTPUT_FILE_0}\"\n";
			showEnvVarsInLog = 0;
		};
		5EEFCB14F8AD2470A8049316 /* [CP] Embed Pods Frameworks */ = {
			isa = PBXShellScriptBuildPhase;
			buildActionMask = 2147483647;
			files = (
			);
			inputPaths = (
				"${SRCROOT}/Pods/Target Support Files/Pods-spottrade/Pods-spottrade-frameworks.sh",
				"${BUILT_PRODUCTS_DIR}/Alamofire/Alamofire.framework",
				"${BUILT_PRODUCTS_DIR}/Bolts/Bolts.framework",
				"${BUILT_PRODUCTS_DIR}/Braintree/Braintree.framework",
				"${BUILT_PRODUCTS_DIR}/FBSDKCoreKit/FBSDKCoreKit.framework",
				"${BUILT_PRODUCTS_DIR}/FBSDKLoginKit/FBSDKLoginKit.framework",
				"${BUILT_PRODUCTS_DIR}/GTMOAuth2/GTMOAuth2.framework",
				"${BUILT_PRODUCTS_DIR}/GTMSessionFetcher/GTMSessionFetcher.framework",
				"${BUILT_PRODUCTS_DIR}/GoogleToolboxForMac/GoogleToolboxForMac.framework",
				"${BUILT_PRODUCTS_DIR}/Kingfisher/Kingfisher.framework",
				"${BUILT_PRODUCTS_DIR}/Protobuf/Protobuf.framework",
				"${BUILT_PRODUCTS_DIR}/SwiftyJSON/SwiftyJSON.framework",
				"${BUILT_PRODUCTS_DIR}/leveldb-library/leveldb.framework",
				"${BUILT_PRODUCTS_DIR}/nanopb/nanopb.framework",
			);
			name = "[CP] Embed Pods Frameworks";
			outputPaths = (
				"${TARGET_BUILD_DIR}/${FRAMEWORKS_FOLDER_PATH}/Alamofire.framework",
				"${TARGET_BUILD_DIR}/${FRAMEWORKS_FOLDER_PATH}/Bolts.framework",
				"${TARGET_BUILD_DIR}/${FRAMEWORKS_FOLDER_PATH}/Braintree.framework",
				"${TARGET_BUILD_DIR}/${FRAMEWORKS_FOLDER_PATH}/FBSDKCoreKit.framework",
				"${TARGET_BUILD_DIR}/${FRAMEWORKS_FOLDER_PATH}/FBSDKLoginKit.framework",
				"${TARGET_BUILD_DIR}/${FRAMEWORKS_FOLDER_PATH}/GTMOAuth2.framework",
				"${TARGET_BUILD_DIR}/${FRAMEWORKS_FOLDER_PATH}/GTMSessionFetcher.framework",
				"${TARGET_BUILD_DIR}/${FRAMEWORKS_FOLDER_PATH}/GoogleToolboxForMac.framework",
				"${TARGET_BUILD_DIR}/${FRAMEWORKS_FOLDER_PATH}/Kingfisher.framework",
				"${TARGET_BUILD_DIR}/${FRAMEWORKS_FOLDER_PATH}/Protobuf.framework",
				"${TARGET_BUILD_DIR}/${FRAMEWORKS_FOLDER_PATH}/SwiftyJSON.framework",
				"${TARGET_BUILD_DIR}/${FRAMEWORKS_FOLDER_PATH}/leveldb.framework",
				"${TARGET_BUILD_DIR}/${FRAMEWORKS_FOLDER_PATH}/nanopb.framework",
			);
			runOnlyForDeploymentPostprocessing = 0;
			shellPath = /bin/sh;
			shellScript = "\"${SRCROOT}/Pods/Target Support Files/Pods-spottrade/Pods-spottrade-frameworks.sh\"\n";
			showEnvVarsInLog = 0;
		};
		7863CBFE3A969B6ECA796778 /* [CP] Copy Pods Resources */ = {
			isa = PBXShellScriptBuildPhase;
			buildActionMask = 2147483647;
			files = (
			);
			inputPaths = (
			);
			name = "[CP] Copy Pods Resources";
			outputPaths = (
			);
			runOnlyForDeploymentPostprocessing = 0;
			shellPath = /bin/sh;
			shellScript = "\"${SRCROOT}/Pods/Target Support Files/Pods-spottradeUITests/Pods-spottradeUITests-resources.sh\"\n";
			showEnvVarsInLog = 0;
		};
		B7405F5D6E33E9129DDC7DA1 /* [CP] Copy Pods Resources */ = {
			isa = PBXShellScriptBuildPhase;
			buildActionMask = 2147483647;
			files = (
			);
			inputPaths = (
				"${SRCROOT}/Pods/Target Support Files/Pods-spottrade/Pods-spottrade-resources.sh",
				"${PODS_ROOT}/GoogleMaps/Maps/Frameworks/GoogleMaps.framework/Resources/GoogleMaps.bundle",
				"${PODS_ROOT}/GooglePlaces/Frameworks/GooglePlaces.framework/Resources/GooglePlaces.bundle",
				"${PODS_ROOT}/GoogleSignIn/Resources/GoogleSignIn.bundle",
			);
			name = "[CP] Copy Pods Resources";
			outputPaths = (
				"${TARGET_BUILD_DIR}/${UNLOCALIZED_RESOURCES_FOLDER_PATH}/GoogleMaps.bundle",
				"${TARGET_BUILD_DIR}/${UNLOCALIZED_RESOURCES_FOLDER_PATH}/GooglePlaces.bundle",
				"${TARGET_BUILD_DIR}/${UNLOCALIZED_RESOURCES_FOLDER_PATH}/GoogleSignIn.bundle",
			);
			runOnlyForDeploymentPostprocessing = 0;
			shellPath = /bin/sh;
			shellScript = "\"${SRCROOT}/Pods/Target Support Files/Pods-spottrade/Pods-spottrade-resources.sh\"\n";
			showEnvVarsInLog = 0;
		};
		E0337AF515521DD19FECBD6C /* [CP] Embed Pods Frameworks */ = {
			isa = PBXShellScriptBuildPhase;
			buildActionMask = 2147483647;
			files = (
			);
			inputPaths = (
			);
			name = "[CP] Embed Pods Frameworks";
			outputPaths = (
			);
			runOnlyForDeploymentPostprocessing = 0;
			shellPath = /bin/sh;
			shellScript = "\"${SRCROOT}/Pods/Target Support Files/Pods-spottradeTests/Pods-spottradeTests-frameworks.sh\"\n";
			showEnvVarsInLog = 0;
		};
		EEE96A8EDD32131878DDDBE1 /* [CP] Copy Pods Resources */ = {
			isa = PBXShellScriptBuildPhase;
			buildActionMask = 2147483647;
			files = (
			);
			inputPaths = (
			);
			name = "[CP] Copy Pods Resources";
			outputPaths = (
			);
			runOnlyForDeploymentPostprocessing = 0;
			shellPath = /bin/sh;
			shellScript = "\"${SRCROOT}/Pods/Target Support Files/Pods-spottradeTests/Pods-spottradeTests-resources.sh\"\n";
			showEnvVarsInLog = 0;
		};
		F25475ED6C16BECBC81FD3F0 /* [CP] Check Pods Manifest.lock */ = {
			isa = PBXShellScriptBuildPhase;
			buildActionMask = 2147483647;
			files = (
			);
			inputPaths = (
				"${PODS_PODFILE_DIR_PATH}/Podfile.lock",
				"${PODS_ROOT}/Manifest.lock",
			);
			name = "[CP] Check Pods Manifest.lock";
			outputPaths = (
				"$(DERIVED_FILE_DIR)/Pods-spottradeUITests-checkManifestLockResult.txt",
			);
			runOnlyForDeploymentPostprocessing = 0;
			shellPath = /bin/sh;
			shellScript = "diff \"${PODS_PODFILE_DIR_PATH}/Podfile.lock\" \"${PODS_ROOT}/Manifest.lock\" > /dev/null\nif [ $? != 0 ] ; then\n    # print error to STDERR\n    echo \"error: The sandbox is not in sync with the Podfile.lock. Run 'pod install' or update your CocoaPods installation.\" >&2\n    exit 1\nfi\n# This output is used by Xcode 'outputs' to avoid re-running this script phase.\necho \"SUCCESS\" > \"${SCRIPT_OUTPUT_FILE_0}\"\n";
			showEnvVarsInLog = 0;
		};
/* End PBXShellScriptBuildPhase section */

/* Begin PBXSourcesBuildPhase section */
		63CB98912061781D00E03874 /* Sources */ = {
			isa = PBXSourcesBuildPhase;
			buildActionMask = 2147483647;
			files = (
				63CB989B2061781D00E03874 /* ViewController.swift in Sources */,
				637DE95820DC278000B5D430 /* SidebarView.swift in Sources */,
				637DE96220E2305000B5D430 /* PaymentViewController.swift in Sources */,
				637DE96420E2306600B5D430 /* PersonalViewController.swift in Sources */,
				637DE96020E2303A00B5D430 /* FeedbackViewController.swift in Sources */,
				637DE95E20E2302300B5D430 /* HistoryViewController.swift in Sources */,
				63CB98992061781D00E03874 /* AppDelegate.swift in Sources */,
				637DE96620E2307B00B5D430 /* AboutViewController.swift in Sources */,
				637DE95C20E2300B00B5D430 /* YourSpotsViewController.swift in Sources */,
			);
			runOnlyForDeploymentPostprocessing = 0;
		};
		63CB98A52061781D00E03874 /* Sources */ = {
			isa = PBXSourcesBuildPhase;
			buildActionMask = 2147483647;
			files = (
				63CB98AE2061781D00E03874 /* spottradeTests.swift in Sources */,
			);
			runOnlyForDeploymentPostprocessing = 0;
		};
		63CB98B02061781D00E03874 /* Sources */ = {
			isa = PBXSourcesBuildPhase;
			buildActionMask = 2147483647;
			files = (
				63CB98B92061781D00E03874 /* spottradeUITests.swift in Sources */,
			);
			runOnlyForDeploymentPostprocessing = 0;
		};
/* End PBXSourcesBuildPhase section */

/* Begin PBXTargetDependency section */
		63CB98AB2061781D00E03874 /* PBXTargetDependency */ = {
			isa = PBXTargetDependency;
			target = 63CB98942061781D00E03874 /* spottrade */;
			targetProxy = 63CB98AA2061781D00E03874 /* PBXContainerItemProxy */;
		};
		63CB98B62061781D00E03874 /* PBXTargetDependency */ = {
			isa = PBXTargetDependency;
			target = 63CB98942061781D00E03874 /* spottrade */;
			targetProxy = 63CB98B52061781D00E03874 /* PBXContainerItemProxy */;
		};
/* End PBXTargetDependency section */

/* Begin PBXVariantGroup section */
		63CB989C2061781D00E03874 /* Main.storyboard */ = {
			isa = PBXVariantGroup;
			children = (
				63CB989D2061781D00E03874 /* Base */,
			);
			name = Main.storyboard;
			sourceTree = "<group>";
		};
		63CB98A12061781D00E03874 /* LaunchScreen.storyboard */ = {
			isa = PBXVariantGroup;
			children = (
				63CB98A22061781D00E03874 /* Base */,
			);
			name = LaunchScreen.storyboard;
			sourceTree = "<group>";
		};
/* End PBXVariantGroup section */

/* Begin XCBuildConfiguration section */
		63CB98BB2061781D00E03874 /* Debug */ = {
			isa = XCBuildConfiguration;
			buildSettings = {
				ALWAYS_SEARCH_USER_PATHS = NO;
				CLANG_ANALYZER_NONNULL = YES;
				CLANG_ANALYZER_NUMBER_OBJECT_CONVERSION = YES_AGGRESSIVE;
				CLANG_CXX_LANGUAGE_STANDARD = "gnu++14";
				CLANG_CXX_LIBRARY = "libc++";
				CLANG_ENABLE_MODULES = YES;
				CLANG_ENABLE_OBJC_ARC = YES;
				CLANG_WARN_BLOCK_CAPTURE_AUTORELEASING = YES;
				CLANG_WARN_BOOL_CONVERSION = YES;
				CLANG_WARN_COMMA = YES;
				CLANG_WARN_CONSTANT_CONVERSION = YES;
				CLANG_WARN_DIRECT_OBJC_ISA_USAGE = YES_ERROR;
				CLANG_WARN_DOCUMENTATION_COMMENTS = YES;
				CLANG_WARN_EMPTY_BODY = YES;
				CLANG_WARN_ENUM_CONVERSION = YES;
				CLANG_WARN_INFINITE_RECURSION = YES;
				CLANG_WARN_INT_CONVERSION = YES;
				CLANG_WARN_NON_LITERAL_NULL_CONVERSION = YES;
				CLANG_WARN_OBJC_LITERAL_CONVERSION = YES;
				CLANG_WARN_OBJC_ROOT_CLASS = YES_ERROR;
				CLANG_WARN_RANGE_LOOP_ANALYSIS = YES;
				CLANG_WARN_STRICT_PROTOTYPES = YES;
				CLANG_WARN_SUSPICIOUS_MOVE = YES;
				CLANG_WARN_UNGUARDED_AVAILABILITY = YES_AGGRESSIVE;
				CLANG_WARN_UNREACHABLE_CODE = YES;
				CLANG_WARN__DUPLICATE_METHOD_MATCH = YES;
				CODE_SIGN_IDENTITY = "iPhone Developer";
				COPY_PHASE_STRIP = NO;
				DEBUG_INFORMATION_FORMAT = dwarf;
				ENABLE_STRICT_OBJC_MSGSEND = YES;
				ENABLE_TESTABILITY = YES;
				GCC_C_LANGUAGE_STANDARD = gnu11;
				GCC_DYNAMIC_NO_PIC = NO;
				GCC_NO_COMMON_BLOCKS = YES;
				GCC_OPTIMIZATION_LEVEL = 0;
				GCC_PREPROCESSOR_DEFINITIONS = (
					"DEBUG=1",
					"$(inherited)",
				);
				GCC_WARN_64_TO_32_BIT_CONVERSION = YES;
				GCC_WARN_ABOUT_RETURN_TYPE = YES_ERROR;
				GCC_WARN_UNDECLARED_SELECTOR = YES;
				GCC_WARN_UNINITIALIZED_AUTOS = YES_AGGRESSIVE;
				GCC_WARN_UNUSED_FUNCTION = YES;
				GCC_WARN_UNUSED_VARIABLE = YES;
				IPHONEOS_DEPLOYMENT_TARGET = 11.2;
				MTL_ENABLE_DEBUG_INFO = YES;
				ONLY_ACTIVE_ARCH = YES;
				SDKROOT = iphoneos;
				SWIFT_ACTIVE_COMPILATION_CONDITIONS = DEBUG;
				SWIFT_OPTIMIZATION_LEVEL = "-Onone";
			};
			name = Debug;
		};
		63CB98BC2061781D00E03874 /* Release */ = {
			isa = XCBuildConfiguration;
			buildSettings = {
				ALWAYS_SEARCH_USER_PATHS = NO;
				CLANG_ANALYZER_NONNULL = YES;
				CLANG_ANALYZER_NUMBER_OBJECT_CONVERSION = YES_AGGRESSIVE;
				CLANG_CXX_LANGUAGE_STANDARD = "gnu++14";
				CLANG_CXX_LIBRARY = "libc++";
				CLANG_ENABLE_MODULES = YES;
				CLANG_ENABLE_OBJC_ARC = YES;
				CLANG_WARN_BLOCK_CAPTURE_AUTORELEASING = YES;
				CLANG_WARN_BOOL_CONVERSION = YES;
				CLANG_WARN_COMMA = YES;
				CLANG_WARN_CONSTANT_CONVERSION = YES;
				CLANG_WARN_DIRECT_OBJC_ISA_USAGE = YES_ERROR;
				CLANG_WARN_DOCUMENTATION_COMMENTS = YES;
				CLANG_WARN_EMPTY_BODY = YES;
				CLANG_WARN_ENUM_CONVERSION = YES;
				CLANG_WARN_INFINITE_RECURSION = YES;
				CLANG_WARN_INT_CONVERSION = YES;
				CLANG_WARN_NON_LITERAL_NULL_CONVERSION = YES;
				CLANG_WARN_OBJC_LITERAL_CONVERSION = YES;
				CLANG_WARN_OBJC_ROOT_CLASS = YES_ERROR;
				CLANG_WARN_RANGE_LOOP_ANALYSIS = YES;
				CLANG_WARN_STRICT_PROTOTYPES = YES;
				CLANG_WARN_SUSPICIOUS_MOVE = YES;
				CLANG_WARN_UNGUARDED_AVAILABILITY = YES_AGGRESSIVE;
				CLANG_WARN_UNREACHABLE_CODE = YES;
				CLANG_WARN__DUPLICATE_METHOD_MATCH = YES;
				CODE_SIGN_IDENTITY = "iPhone Developer";
				COPY_PHASE_STRIP = NO;
				DEBUG_INFORMATION_FORMAT = "dwarf-with-dsym";
				ENABLE_NS_ASSERTIONS = NO;
				ENABLE_STRICT_OBJC_MSGSEND = YES;
				GCC_C_LANGUAGE_STANDARD = gnu11;
				GCC_NO_COMMON_BLOCKS = YES;
				GCC_WARN_64_TO_32_BIT_CONVERSION = YES;
				GCC_WARN_ABOUT_RETURN_TYPE = YES_ERROR;
				GCC_WARN_UNDECLARED_SELECTOR = YES;
				GCC_WARN_UNINITIALIZED_AUTOS = YES_AGGRESSIVE;
				GCC_WARN_UNUSED_FUNCTION = YES;
				GCC_WARN_UNUSED_VARIABLE = YES;
				IPHONEOS_DEPLOYMENT_TARGET = 11.2;
				MTL_ENABLE_DEBUG_INFO = NO;
				SDKROOT = iphoneos;
				SWIFT_OPTIMIZATION_LEVEL = "-Owholemodule";
				VALIDATE_PRODUCT = YES;
			};
			name = Release;
		};
		63CB98BE2061781D00E03874 /* Debug */ = {
			isa = XCBuildConfiguration;
			baseConfigurationReference = 562447D23FE0E59EB5D595F4 /* Pods-spottrade.debug.xcconfig */;
			buildSettings = {
				ASSETCATALOG_COMPILER_APPICON_NAME = AppIcon;
				CODE_SIGN_STYLE = Automatic;
				INFOPLIST_FILE = spottrade/Info.plist;
				LD_RUNPATH_SEARCH_PATHS = "$(inherited) @executable_path/Frameworks";
				PRODUCT_BUNDLE_IDENTIFIER = almanza1112.spottrade;
				PRODUCT_NAME = "$(TARGET_NAME)";
				SWIFT_VERSION = 4.0;
				TARGETED_DEVICE_FAMILY = "1,2";
			};
			name = Debug;
		};
		63CB98BF2061781D00E03874 /* Release */ = {
			isa = XCBuildConfiguration;
			baseConfigurationReference = A0F752DD2E8B8DD7738EDF41 /* Pods-spottrade.release.xcconfig */;
			buildSettings = {
				ASSETCATALOG_COMPILER_APPICON_NAME = AppIcon;
				CODE_SIGN_STYLE = Automatic;
				INFOPLIST_FILE = spottrade/Info.plist;
				LD_RUNPATH_SEARCH_PATHS = "$(inherited) @executable_path/Frameworks";
				PRODUCT_BUNDLE_IDENTIFIER = almanza1112.spottrade;
				PRODUCT_NAME = "$(TARGET_NAME)";
				SWIFT_VERSION = 4.0;
				TARGETED_DEVICE_FAMILY = "1,2";
			};
			name = Release;
		};
		63CB98C12061781D00E03874 /* Debug */ = {
			isa = XCBuildConfiguration;
			baseConfigurationReference = 4DD7793E065EE5D6A404919C /* Pods-spottradeTests.debug.xcconfig */;
			buildSettings = {
				ALWAYS_EMBED_SWIFT_STANDARD_LIBRARIES = YES;
				BUNDLE_LOADER = "$(TEST_HOST)";
				CODE_SIGN_STYLE = Automatic;
				INFOPLIST_FILE = spottradeTests/Info.plist;
				LD_RUNPATH_SEARCH_PATHS = "$(inherited) @executable_path/Frameworks @loader_path/Frameworks";
				PRODUCT_BUNDLE_IDENTIFIER = almanza1112.spottradeTests;
				PRODUCT_NAME = "$(TARGET_NAME)";
				SWIFT_VERSION = 4.0;
				TARGETED_DEVICE_FAMILY = "1,2";
				TEST_HOST = "$(BUILT_PRODUCTS_DIR)/spottrade.app/spottrade";
			};
			name = Debug;
		};
		63CB98C22061781D00E03874 /* Release */ = {
			isa = XCBuildConfiguration;
			baseConfigurationReference = 8B4CE333363916DDCB25DC64 /* Pods-spottradeTests.release.xcconfig */;
			buildSettings = {
				ALWAYS_EMBED_SWIFT_STANDARD_LIBRARIES = YES;
				BUNDLE_LOADER = "$(TEST_HOST)";
				CODE_SIGN_STYLE = Automatic;
				INFOPLIST_FILE = spottradeTests/Info.plist;
				LD_RUNPATH_SEARCH_PATHS = "$(inherited) @executable_path/Frameworks @loader_path/Frameworks";
				PRODUCT_BUNDLE_IDENTIFIER = almanza1112.spottradeTests;
				PRODUCT_NAME = "$(TARGET_NAME)";
				SWIFT_VERSION = 4.0;
				TARGETED_DEVICE_FAMILY = "1,2";
				TEST_HOST = "$(BUILT_PRODUCTS_DIR)/spottrade.app/spottrade";
			};
			name = Release;
		};
		63CB98C42061781D00E03874 /* Debug */ = {
			isa = XCBuildConfiguration;
			baseConfigurationReference = CB27ACDA4BFB3B1269D4C4EF /* Pods-spottradeUITests.debug.xcconfig */;
			buildSettings = {
				ALWAYS_EMBED_SWIFT_STANDARD_LIBRARIES = YES;
				CODE_SIGN_STYLE = Automatic;
				INFOPLIST_FILE = spottradeUITests/Info.plist;
				LD_RUNPATH_SEARCH_PATHS = "$(inherited) @executable_path/Frameworks @loader_path/Frameworks";
				PRODUCT_BUNDLE_IDENTIFIER = almanza1112.spottradeUITests;
				PRODUCT_NAME = "$(TARGET_NAME)";
				SWIFT_VERSION = 4.0;
				TARGETED_DEVICE_FAMILY = "1,2";
				TEST_TARGET_NAME = spottrade;
			};
			name = Debug;
		};
		63CB98C52061781D00E03874 /* Release */ = {
			isa = XCBuildConfiguration;
			baseConfigurationReference = 9B27B00BE5C579A19084EAAD /* Pods-spottradeUITests.release.xcconfig */;
			buildSettings = {
				ALWAYS_EMBED_SWIFT_STANDARD_LIBRARIES = YES;
				CODE_SIGN_STYLE = Automatic;
				INFOPLIST_FILE = spottradeUITests/Info.plist;
				LD_RUNPATH_SEARCH_PATHS = "$(inherited) @executable_path/Frameworks @loader_path/Frameworks";
				PRODUCT_BUNDLE_IDENTIFIER = almanza1112.spottradeUITests;
				PRODUCT_NAME = "$(TARGET_NAME)";
				SWIFT_VERSION = 4.0;
				TARGETED_DEVICE_FAMILY = "1,2";
				TEST_TARGET_NAME = spottrade;
			};
			name = Release;
		};
/* End XCBuildConfiguration section */

/* Begin XCConfigurationList section */
		63CB98902061781D00E03874 /* Build configuration list for PBXProject "spottrade" */ = {
			isa = XCConfigurationList;
			buildConfigurations = (
				63CB98BB2061781D00E03874 /* Debug */,
				63CB98BC2061781D00E03874 /* Release */,
			);
			defaultConfigurationIsVisible = 0;
			defaultConfigurationName = Release;
		};
		63CB98BD2061781D00E03874 /* Build configuration list for PBXNativeTarget "spottrade" */ = {
			isa = XCConfigurationList;
			buildConfigurations = (
				63CB98BE2061781D00E03874 /* Debug */,
				63CB98BF2061781D00E03874 /* Release */,
			);
			defaultConfigurationIsVisible = 0;
			defaultConfigurationName = Release;
		};
		63CB98C02061781D00E03874 /* Build configuration list for PBXNativeTarget "spottradeTests" */ = {
			isa = XCConfigurationList;
			buildConfigurations = (
				63CB98C12061781D00E03874 /* Debug */,
				63CB98C22061781D00E03874 /* Release */,
			);
			defaultConfigurationIsVisible = 0;
			defaultConfigurationName = Release;
		};
		63CB98C32061781D00E03874 /* Build configuration list for PBXNativeTarget "spottradeUITests" */ = {
			isa = XCConfigurationList;
			buildConfigurations = (
				63CB98C42061781D00E03874 /* Debug */,
				63CB98C52061781D00E03874 /* Release */,
			);
			defaultConfigurationIsVisible = 0;
			defaultConfigurationName = Release;
		};
/* End XCConfigurationList section */
	};
	rootObject = 63CB988D2061781D00E03874 /* Project object */;
}
